// !$*UTF8*$!
{
	archiveVersion = 1;
	classes = {
	};
	objectVersion = 46;
	objects = {

/* Begin PBXBuildFile section */
		84521659202E9772001A1F15 /* AppDelegate.swift in Sources */ = {isa = PBXBuildFile; fileRef = 84521658202E9772001A1F15 /* AppDelegate.swift */; };
		84521660202E9772001A1F15 /* Main.storyboard in Resources */ = {isa = PBXBuildFile; fileRef = 8452165E202E9772001A1F15 /* Main.storyboard */; };
		84521662202E9772001A1F15 /* Assets.xcassets in Resources */ = {isa = PBXBuildFile; fileRef = 84521661202E9772001A1F15 /* Assets.xcassets */; };
		84521665202E9772001A1F15 /* LaunchScreen.storyboard in Resources */ = {isa = PBXBuildFile; fileRef = 84521663202E9772001A1F15 /* LaunchScreen.storyboard */; };
		849C9252202EA89F009B3247 /* JoinLeagueRootVC.swift in Sources */ = {isa = PBXBuildFile; fileRef = 849C9251202EA89F009B3247 /* JoinLeagueRootVC.swift */; };
		849C9254202EA8B7009B3247 /* YourLeagueRootVC.swift in Sources */ = {isa = PBXBuildFile; fileRef = 849C9253202EA8B7009B3247 /* YourLeagueRootVC.swift */; };
		849C9256202EA90D009B3247 /* CoinProfilesRootVC.swift in Sources */ = {isa = PBXBuildFile; fileRef = 849C9255202EA90D009B3247 /* CoinProfilesRootVC.swift */; };
		849C9258202EA918009B3247 /* AccountRootVC.swift in Sources */ = {isa = PBXBuildFile; fileRef = 849C9257202EA918009B3247 /* AccountRootVC.swift */; };
		849C925A202EAB65009B3247 /* Extensions.swift in Sources */ = {isa = PBXBuildFile; fileRef = 849C9259202EAB65009B3247 /* Extensions.swift */; };
		849C925C20314B22009B3247 /* Constants.swift in Sources */ = {isa = PBXBuildFile; fileRef = 849C925B20314B22009B3247 /* Constants.swift */; };
		849C925E20314C0F009B3247 /* BaseVC.swift in Sources */ = {isa = PBXBuildFile; fileRef = 849C925D20314C0F009B3247 /* BaseVC.swift */; };
/* End PBXBuildFile section */

/* Begin PBXFileReference section */
		84521655202E9772001A1F15 /* TheCryptoDraft.app */ = {isa = PBXFileReference; explicitFileType = wrapper.application; includeInIndex = 0; path = TheCryptoDraft.app; sourceTree = BUILT_PRODUCTS_DIR; };
		84521658202E9772001A1F15 /* AppDelegate.swift */ = {isa = PBXFileReference; lastKnownFileType = sourcecode.swift; path = AppDelegate.swift; sourceTree = "<group>"; };
		8452165F202E9772001A1F15 /* Base */ = {isa = PBXFileReference; lastKnownFileType = file.storyboard; name = Base; path = Base.lproj/Main.storyboard; sourceTree = "<group>"; };
		84521661202E9772001A1F15 /* Assets.xcassets */ = {isa = PBXFileReference; lastKnownFileType = folder.assetcatalog; path = Assets.xcassets; sourceTree = "<group>"; };
		84521664202E9772001A1F15 /* Base */ = {isa = PBXFileReference; lastKnownFileType = file.storyboard; name = Base; path = Base.lproj/LaunchScreen.storyboard; sourceTree = "<group>"; };
		84521666202E9772001A1F15 /* Info.plist */ = {isa = PBXFileReference; lastKnownFileType = text.plist.xml; path = Info.plist; sourceTree = "<group>"; };
		849C9251202EA89F009B3247 /* JoinLeagueRootVC.swift */ = {isa = PBXFileReference; lastKnownFileType = sourcecode.swift; path = JoinLeagueRootVC.swift; sourceTree = "<group>"; };
		849C9253202EA8B7009B3247 /* YourLeagueRootVC.swift */ = {isa = PBXFileReference; lastKnownFileType = sourcecode.swift; path = YourLeagueRootVC.swift; sourceTree = "<group>"; };
		849C9255202EA90D009B3247 /* CoinProfilesRootVC.swift */ = {isa = PBXFileReference; lastKnownFileType = sourcecode.swift; path = CoinProfilesRootVC.swift; sourceTree = "<group>"; };
		849C9257202EA918009B3247 /* AccountRootVC.swift */ = {isa = PBXFileReference; lastKnownFileType = sourcecode.swift; path = AccountRootVC.swift; sourceTree = "<group>"; };
		849C9259202EAB65009B3247 /* Extensions.swift */ = {isa = PBXFileReference; lastKnownFileType = sourcecode.swift; path = Extensions.swift; sourceTree = "<group>"; };
		849C925B20314B22009B3247 /* Constants.swift */ = {isa = PBXFileReference; lastKnownFileType = sourcecode.swift; path = Constants.swift; sourceTree = "<group>"; };
		849C925D20314C0F009B3247 /* BaseVC.swift */ = {isa = PBXFileReference; lastKnownFileType = sourcecode.swift; path = BaseVC.swift; sourceTree = "<group>"; };
/* End PBXFileReference section */

/* Begin PBXFrameworksBuildPhase section */
		84521652202E9772001A1F15 /* Frameworks */ = {
			isa = PBXFrameworksBuildPhase;
			buildActionMask = 2147483647;
			files = (
			);
			runOnlyForDeploymentPostprocessing = 0;
		};
/* End PBXFrameworksBuildPhase section */

/* Begin PBXGroup section */
		8452164C202E9772001A1F15 = {
			isa = PBXGroup;
			children = (
				84521657202E9772001A1F15 /* TheCryptoDraft */,
				84521656202E9772001A1F15 /* Products */,
			);
			sourceTree = "<group>";
		};
		84521656202E9772001A1F15 /* Products */ = {
			isa = PBXGroup;
			children = (
				84521655202E9772001A1F15 /* TheCryptoDraft.app */,
			);
			name = Products;
			sourceTree = "<group>";
		};
		84521657202E9772001A1F15 /* TheCryptoDraft */ = {
			isa = PBXGroup;
			children = (
				84521658202E9772001A1F15 /* AppDelegate.swift */,
				8452165E202E9772001A1F15 /* Main.storyboard */,
				849C9251202EA89F009B3247 /* JoinLeagueRootVC.swift */,
				849C925D20314C0F009B3247 /* BaseVC.swift */,
				849C9253202EA8B7009B3247 /* YourLeagueRootVC.swift */,
				849C9255202EA90D009B3247 /* CoinProfilesRootVC.swift */,
				849C9257202EA918009B3247 /* AccountRootVC.swift */,
				849C9259202EAB65009B3247 /* Extensions.swift */,
				849C925B20314B22009B3247 /* Constants.swift */,
				84521661202E9772001A1F15 /* Assets.xcassets */,
				84521663202E9772001A1F15 /* LaunchScreen.storyboard */,
				84521666202E9772001A1F15 /* Info.plist */,
			);
			path = TheCryptoDraft;
			sourceTree = "<group>";
		};
/* End PBXGroup section */

/* Begin PBXNativeTarget section */
		84521654202E9772001A1F15 /* TheCryptoDraft */ = {
			isa = PBXNativeTarget;
			buildConfigurationList = 84521669202E9772001A1F15 /* Build configuration list for PBXNativeTarget "TheCryptoDraft" */;
			buildPhases = (
				84521651202E9772001A1F15 /* Sources */,
				84521652202E9772001A1F15 /* Frameworks */,
				84521653202E9772001A1F15 /* Resources */,
			);
			buildRules = (
			);
			dependencies = (
			);
			name = TheCryptoDraft;
			productName = TheCryptoDraft;
			productReference = 84521655202E9772001A1F15 /* TheCryptoDraft.app */;
			productType = "com.apple.product-type.application";
		};
/* End PBXNativeTarget section */

/* Begin PBXProject section */
		8452164D202E9772001A1F15 /* Project object */ = {
			isa = PBXProject;
			attributes = {
				LastSwiftUpdateCheck = 0830;
				LastUpgradeCheck = 0920;
				ORGANIZATIONNAME = esohjay;
				TargetAttributes = {
					84521654202E9772001A1F15 = {
						CreatedOnToolsVersion = 8.3.3;
						DevelopmentTeam = KQ85KX5DW2;
						LastSwiftMigration = 0920;
						ProvisioningStyle = Automatic;
					};
				};
			};
			buildConfigurationList = 84521650202E9772001A1F15 /* Build configuration list for PBXProject "TheCryptoDraft" */;
			compatibilityVersion = "Xcode 3.2";
			developmentRegion = English;
			hasScannedForEncodings = 0;
			knownRegions = (
				en,
				Base,
			);
			mainGroup = 8452164C202E9772001A1F15;
			productRefGroup = 84521656202E9772001A1F15 /* Products */;
			projectDirPath = "";
			projectRoot = "";
			targets = (
				84521654202E9772001A1F15 /* TheCryptoDraft */,
			);
		};
/* End PBXProject section */

/* Begin PBXResourcesBuildPhase section */
		84521653202E9772001A1F15 /* Resources */ = {
			isa = PBXResourcesBuildPhase;
			buildActionMask = 2147483647;
			files = (
				84521665202E9772001A1F15 /* LaunchScreen.storyboard in Resources */,
				84521662202E9772001A1F15 /* Assets.xcassets in Resources */,
				84521660202E9772001A1F15 /* Main.storyboard in Resources */,
			);
			runOnlyForDeploymentPostprocessing = 0;
		};
/* End PBXResourcesBuildPhase section */

/* Begin PBXSourcesBuildPhase section */
		84521651202E9772001A1F15 /* Sources */ = {
			isa = PBXSourcesBuildPhase;
			buildActionMask = 2147483647;
			files = (
				849C9252202EA89F009B3247 /* JoinLeagueRootVC.swift in Sources */,
				849C925A202EAB65009B3247 /* Extensions.swift in Sources */,
				849C9256202EA90D009B3247 /* CoinProfilesRootVC.swift in Sources */,
				849C925E20314C0F009B3247 /* BaseVC.swift in Sources */,
				849C9254202EA8B7009B3247 /* YourLeagueRootVC.swift in Sources */,
				849C925C20314B22009B3247 /* Constants.swift in Sources */,
				84521659202E9772001A1F15 /* AppDelegate.swift in Sources */,
				849C9258202EA918009B3247 /* AccountRootVC.swift in Sources */,
			);
			runOnlyForDeploymentPostprocessing = 0;
		};
/* End PBXSourcesBuildPhase section */

/* Begin PBXVariantGroup section */
		8452165E202E9772001A1F15 /* Main.storyboard */ = {
			isa = PBXVariantGroup;
			children = (
				8452165F202E9772001A1F15 /* Base */,
			);
			name = Main.storyboard;
			sourceTree = "<group>";
		};
		84521663202E9772001A1F15 /* LaunchScreen.storyboard */ = {
			isa = PBXVariantGroup;
			children = (
				84521664202E9772001A1F15 /* Base */,
			);
			name = LaunchScreen.storyboard;
			sourceTree = "<group>";
		};
/* End PBXVariantGroup section */

/* Begin XCBuildConfiguration section */
		84521667202E9772001A1F15 /* Debug */ = {
			isa = XCBuildConfiguration;
			buildSettings = {
				ALWAYS_SEARCH_USER_PATHS = NO;
				CLANG_ANALYZER_NONNULL = YES;
				CLANG_ANALYZER_NUMBER_OBJECT_CONVERSION = YES_AGGRESSIVE;
				CLANG_CXX_LANGUAGE_STANDARD = "gnu++0x";
				CLANG_CXX_LIBRARY = "libc++";
				CLANG_ENABLE_MODULES = YES;
				CLANG_ENABLE_OBJC_ARC = YES;
				CLANG_WARN_BLOCK_CAPTURE_AUTORELEASING = YES;
				CLANG_WARN_BOOL_CONVERSION = YES;
				CLANG_WARN_COMMA = YES;
				CLANG_WARN_CONSTANT_CONVERSION = YES;
				CLANG_WARN_DIRECT_OBJC_ISA_USAGE = YES_ERROR;
				CLANG_WARN_DOCUMENTATION_COMMENTS = YES;
				CLANG_WARN_EMPTY_BODY = YES;
				CLANG_WARN_ENUM_CONVERSION = YES;
				CLANG_WARN_INFINITE_RECURSION = YES;
				CLANG_WARN_INT_CONVERSION = YES;
				CLANG_WARN_NON_LITERAL_NULL_CONVERSION = YES;
				CLANG_WARN_OBJC_LITERAL_CONVERSION = YES;
				CLANG_WARN_OBJC_ROOT_CLASS = YES_ERROR;
				CLANG_WARN_RANGE_LOOP_ANALYSIS = YES;
				CLANG_WARN_STRICT_PROTOTYPES = YES;
				CLANG_WARN_SUSPICIOUS_MOVE = YES;
				CLANG_WARN_UNREACHABLE_CODE = YES;
				CLANG_WARN__DUPLICATE_METHOD_MATCH = YES;
				"CODE_SIGN_IDENTITY[sdk=iphoneos*]" = "iPhone Developer";
				COPY_PHASE_STRIP = NO;
				DEBUG_INFORMATION_FORMAT = dwarf;
				ENABLE_STRICT_OBJC_MSGSEND = YES;
				ENABLE_TESTABILITY = YES;
				GCC_C_LANGUAGE_STANDARD = gnu99;
				GCC_DYNAMIC_NO_PIC = NO;
				GCC_NO_COMMON_BLOCKS = YES;
				GCC_OPTIMIZATION_LEVEL = 0;
				GCC_PREPROCESSOR_DEFINITIONS = (
					"DEBUG=1",
					"$(inherited)",
				);
				GCC_WARN_64_TO_32_BIT_CONVERSION = YES;
				GCC_WARN_ABOUT_RETURN_TYPE = YES_ERROR;
				GCC_WARN_UNDECLARED_SELECTOR = YES;
				GCC_WARN_UNINITIALIZED_AUTOS = YES_AGGRESSIVE;
				GCC_WARN_UNUSED_FUNCTION = YES;
				GCC_WARN_UNUSED_VARIABLE = YES;
				IPHONEOS_DEPLOYMENT_TARGET = 10.3;
				MTL_ENABLE_DEBUG_INFO = YES;
				ONLY_ACTIVE_ARCH = YES;
				SDKROOT = iphoneos;
				SWIFT_ACTIVE_COMPILATION_CONDITIONS = DEBUG;
				SWIFT_OPTIMIZATION_LEVEL = "-Onone";
				TARGETED_DEVICE_FAMILY = "1,2";
			};
			name = Debug;
		};
		84521668202E9772001A1F15 /* Release */ = {
			isa = XCBuildConfiguration;
			buildSettings = {
				ALWAYS_SEARCH_USER_PATHS = NO;
				CLANG_ANALYZER_NONNULL = YES;
				CLANG_ANALYZER_NUMBER_OBJECT_CONVERSION = YES_AGGRESSIVE;
				CLANG_CXX_LANGUAGE_STANDARD = "gnu++0x";
				CLANG_CXX_LIBRARY = "libc++";
				CLANG_ENABLE_MODULES = YES;
				CLANG_ENABLE_OBJC_ARC = YES;
				CLANG_WARN_BLOCK_CAPTURE_AUTORELEASING = YES;
				CLANG_WARN_BOOL_CONVERSION = YES;
				CLANG_WARN_COMMA = YES;
				CLANG_WARN_CONSTANT_CONVERSION = YES;
				CLANG_WARN_DIRECT_OBJC_ISA_USAGE = YES_ERROR;
				CLANG_WARN_DOCUMENTATION_COMMENTS = YES;
				CLANG_WARN_EMPTY_BODY = YES;
				CLANG_WARN_ENUM_CONVERSION = YES;
				CLANG_WARN_INFINITE_RECURSION = YES;
				CLANG_WARN_INT_CONVERSION = YES;
				CLANG_WARN_NON_LITERAL_NULL_CONVERSION = YES;
				CLANG_WARN_OBJC_LITERAL_CONVERSION = YES;
				CLANG_WARN_OBJC_ROOT_CLASS = YES_ERROR;
				CLANG_WARN_RANGE_LOOP_ANALYSIS = YES;
				CLANG_WARN_STRICT_PROTOTYPES = YES;
				CLANG_WARN_SUSPICIOUS_MOVE = YES;
				CLANG_WARN_UNREACHABLE_CODE = YES;
				CLANG_WARN__DUPLICATE_METHOD_MATCH = YES;
				"CODE_SIGN_IDENTITY[sdk=iphoneos*]" = "iPhone Developer";
				COPY_PHASE_STRIP = NO;
				DEBUG_INFORMATION_FORMAT = "dwarf-with-dsym";
				ENABLE_NS_ASSERTIONS = NO;
				ENABLE_STRICT_OBJC_MSGSEND = YES;
				GCC_C_LANGUAGE_STANDARD = gnu99;
				GCC_NO_COMMON_BLOCKS = YES;
				GCC_WARN_64_TO_32_BIT_CONVERSION = YES;
				GCC_WARN_ABOUT_RETURN_TYPE = YES_ERROR;
				GCC_WARN_UNDECLARED_SELECTOR = YES;
				GCC_WARN_UNINITIALIZED_AUTOS = YES_AGGRESSIVE;
				GCC_WARN_UNUSED_FUNCTION = YES;
				GCC_WARN_UNUSED_VARIABLE = YES;
				IPHONEOS_DEPLOYMENT_TARGET = 10.3;
				MTL_ENABLE_DEBUG_INFO = NO;
				SDKROOT = iphoneos;
				SWIFT_OPTIMIZATION_LEVEL = "-Owholemodule";
				TARGETED_DEVICE_FAMILY = "1,2";
				VALIDATE_PRODUCT = YES;
			};
			name = Release;
		};
		8452166A202E9772001A1F15 /* Debug */ = {
			isa = XCBuildConfiguration;
			buildSettings = {
				ASSETCATALOG_COMPILER_APPICON_NAME = AppIcon;
				DEVELOPMENT_TEAM = KQ85KX5DW2;
				INFOPLIST_FILE = TheCryptoDraft/Info.plist;
				LD_RUNPATH_SEARCH_PATHS = "$(inherited) @executable_path/Frameworks";
				PRODUCT_BUNDLE_IDENTIFIER = com.esohjay.TheCryptoDraft;
				PRODUCT_NAME = "$(TARGET_NAME)";
				SWIFT_SWIFT3_OBJC_INFERENCE = On;
				SWIFT_VERSION = 4.0;
			};
			name = Debug;
		};
		8452166B202E9772001A1F15 /* Release */ = {
			isa = XCBuildConfiguration;
			buildSettings = {
				ASSETCATALOG_COMPILER_APPICON_NAME = AppIcon;
				DEVELOPMENT_TEAM = KQ85KX5DW2;
				INFOPLIST_FILE = TheCryptoDraft/Info.plist;
				LD_RUNPATH_SEARCH_PATHS = "$(inherited) @executable_path/Frameworks";
				PRODUCT_BUNDLE_IDENTIFIER = com.esohjay.TheCryptoDraft;
				PRODUCT_NAME = "$(TARGET_NAME)";
				SWIFT_SWIFT3_OBJC_INFERENCE = On;
				SWIFT_VERSION = 4.0;
			};
			name = Release;
		};
/* End XCBuildConfiguration section */

/* Begin XCConfigurationList section */
		84521650202E9772001A1F15 /* Build configuration list for PBXProject "TheCryptoDraft" */ = {
			isa = XCConfigurationList;
			buildConfigurations = (
				84521667202E9772001A1F15 /* Debug */,
				84521668202E9772001A1F15 /* Release */,
			);
			defaultConfigurationIsVisible = 0;
			defaultConfigurationName = Release;
		};
		84521669202E9772001A1F15 /* Build configuration list for PBXNativeTarget "TheCryptoDraft" */ = {
			isa = XCConfigurationList;
			buildConfigurations = (
				8452166A202E9772001A1F15 /* Debug */,
				8452166B202E9772001A1F15 /* Release */,
			);
			defaultConfigurationIsVisible = 0;
			defaultConfigurationName = Release;
		};
/* End XCConfigurationList section */
	};
	rootObject = 8452164D202E9772001A1F15 /* Project object */;
}
